// !$*UTF8*$!
{
	archiveVersion = 1;
	classes = {
	};
	objectVersion = 48;
	objects = {

/* Begin PBXBuildFile section */
		7E2DC5B11FAA2F4D007756CD /* TabsViewController.swift in Sources */ = {isa = PBXBuildFile; fileRef = 7E2DC5B01FAA2F4D007756CD /* TabsViewController.swift */; };
		7E2DC5B31FAA3214007756CD /* MovieCell.xib in Resources */ = {isa = PBXBuildFile; fileRef = 7E2DC5B21FAA3214007756CD /* MovieCell.xib */; };
		7E2DC5B51FAA331D007756CD /* PopularMoviesViewController.swift in Sources */ = {isa = PBXBuildFile; fileRef = 7E2DC5B41FAA331D007756CD /* PopularMoviesViewController.swift */; };
		7E37F0721FA9D2650019957A /* LoginViewController.swift in Sources */ = {isa = PBXBuildFile; fileRef = 7E37F0711FA9D2650019957A /* LoginViewController.swift */; };
		7E37F0741FA9D6400019957A /* WatchListViewController.swift in Sources */ = {isa = PBXBuildFile; fileRef = 7E37F0731FA9D6400019957A /* WatchListViewController.swift */; };
		7E6080F81F8FCF9000395D83 /* AppDelegate.swift in Sources */ = {isa = PBXBuildFile; fileRef = 7E6080F71F8FCF9000395D83 /* AppDelegate.swift */; };
		7E6080FA1F8FCF9000395D83 /* MoviesViewController.swift in Sources */ = {isa = PBXBuildFile; fileRef = 7E6080F91F8FCF9000395D83 /* MoviesViewController.swift */; };
		7E6080FD1F8FCF9000395D83 /* Main.storyboard in Resources */ = {isa = PBXBuildFile; fileRef = 7E6080FB1F8FCF9000395D83 /* Main.storyboard */; };
		7E6080FF1F8FCF9000395D83 /* Assets.xcassets in Resources */ = {isa = PBXBuildFile; fileRef = 7E6080FE1F8FCF9000395D83 /* Assets.xcassets */; };
		7E6081021F8FCF9000395D83 /* LaunchScreen.storyboard in Resources */ = {isa = PBXBuildFile; fileRef = 7E6081001F8FCF9000395D83 /* LaunchScreen.storyboard */; };
		7E60810C1F90A9E200395D83 /* Movie.swift in Sources */ = {isa = PBXBuildFile; fileRef = 7E60810B1F90A9E200395D83 /* Movie.swift */; };
		7E60810E1F90B22500395D83 /* MovieCell.swift in Sources */ = {isa = PBXBuildFile; fileRef = 7E60810D1F90B22500395D83 /* MovieCell.swift */; };
		7E76CDA61FAB72D000A21C2E /* APIRequestManager.swift in Sources */ = {isa = PBXBuildFile; fileRef = 7E76CDA41FAB72D000A21C2E /* APIRequestManager.swift */; };
		7E76CDA71FAB72D000A21C2E /* UserAccount.swift in Sources */ = {isa = PBXBuildFile; fileRef = 7E76CDA51FAB72D000A21C2E /* UserAccount.swift */; };
		7E789F4C1F90E3030007EF99 /* MovieDetailCell.swift in Sources */ = {isa = PBXBuildFile; fileRef = 7E789F4B1F90E3030007EF99 /* MovieDetailCell.swift */; };
		7E8A49111F90E207009A42A3 /* MovieDetailViewController.swift in Sources */ = {isa = PBXBuildFile; fileRef = 7E8A49101F90E207009A42A3 /* MovieDetailViewController.swift */; };
		7ECD606C1F91F94F00F53368 /* MoviesResult.swift in Sources */ = {isa = PBXBuildFile; fileRef = 7ECD606B1F91F94F00F53368 /* MoviesResult.swift */; };
		BF02AB0A9744D4306C6345A8 /* Pods_Films.framework in Frameworks */ = {isa = PBXBuildFile; fileRef = 15C8D4E2CBE062E282E66B19 /* Pods_Films.framework */; };
/* End PBXBuildFile section */

/* Begin PBXFileReference section */
		15C8D4E2CBE062E282E66B19 /* Pods_Films.framework */ = {isa = PBXFileReference; explicitFileType = wrapper.framework; includeInIndex = 0; path = Pods_Films.framework; sourceTree = BUILT_PRODUCTS_DIR; };
		6C04DEA0D44246100E223E8C /* Pods-Films.release.xcconfig */ = {isa = PBXFileReference; includeInIndex = 1; lastKnownFileType = text.xcconfig; name = "Pods-Films.release.xcconfig"; path = "Pods/Target Support Files/Pods-Films/Pods-Films.release.xcconfig"; sourceTree = "<group>"; };
		7E2DC5B01FAA2F4D007756CD /* TabsViewController.swift */ = {isa = PBXFileReference; lastKnownFileType = sourcecode.swift; path = TabsViewController.swift; sourceTree = "<group>"; };
		7E2DC5B21FAA3214007756CD /* MovieCell.xib */ = {isa = PBXFileReference; lastKnownFileType = file.xib; path = MovieCell.xib; sourceTree = "<group>"; };
		7E2DC5B41FAA331D007756CD /* PopularMoviesViewController.swift */ = {isa = PBXFileReference; lastKnownFileType = sourcecode.swift; path = PopularMoviesViewController.swift; sourceTree = "<group>"; };
		7E37F0711FA9D2650019957A /* LoginViewController.swift */ = {isa = PBXFileReference; lastKnownFileType = sourcecode.swift; path = LoginViewController.swift; sourceTree = "<group>"; };
		7E37F0731FA9D6400019957A /* WatchListViewController.swift */ = {isa = PBXFileReference; lastKnownFileType = sourcecode.swift; path = WatchListViewController.swift; sourceTree = "<group>"; };
		7E6080F41F8FCF9000395D83 /* Films.app */ = {isa = PBXFileReference; explicitFileType = wrapper.application; includeInIndex = 0; path = Films.app; sourceTree = BUILT_PRODUCTS_DIR; };
		7E6080F71F8FCF9000395D83 /* AppDelegate.swift */ = {isa = PBXFileReference; lastKnownFileType = sourcecode.swift; path = AppDelegate.swift; sourceTree = "<group>"; };
		7E6080F91F8FCF9000395D83 /* MoviesViewController.swift */ = {isa = PBXFileReference; lastKnownFileType = sourcecode.swift; path = MoviesViewController.swift; sourceTree = "<group>"; };
		7E6080FC1F8FCF9000395D83 /* Base */ = {isa = PBXFileReference; lastKnownFileType = file.storyboard; name = Base; path = Base.lproj/Main.storyboard; sourceTree = "<group>"; };
		7E6080FE1F8FCF9000395D83 /* Assets.xcassets */ = {isa = PBXFileReference; lastKnownFileType = folder.assetcatalog; path = Assets.xcassets; sourceTree = "<group>"; };
		7E6081011F8FCF9000395D83 /* Base */ = {isa = PBXFileReference; lastKnownFileType = file.storyboard; name = Base; path = Base.lproj/LaunchScreen.storyboard; sourceTree = "<group>"; };
		7E6081031F8FCF9000395D83 /* Info.plist */ = {isa = PBXFileReference; lastKnownFileType = text.plist.xml; path = Info.plist; sourceTree = "<group>"; };
		7E60810B1F90A9E200395D83 /* Movie.swift */ = {isa = PBXFileReference; lastKnownFileType = sourcecode.swift; path = Movie.swift; sourceTree = "<group>"; };
		7E60810D1F90B22500395D83 /* MovieCell.swift */ = {isa = PBXFileReference; lastKnownFileType = sourcecode.swift; path = MovieCell.swift; sourceTree = "<group>"; };
		7E76CDA41FAB72D000A21C2E /* APIRequestManager.swift */ = {isa = PBXFileReference; fileEncoding = 4; lastKnownFileType = sourcecode.swift; path = APIRequestManager.swift; sourceTree = "<group>"; };
		7E76CDA51FAB72D000A21C2E /* UserAccount.swift */ = {isa = PBXFileReference; fileEncoding = 4; lastKnownFileType = sourcecode.swift; path = UserAccount.swift; sourceTree = "<group>"; };
		7E789F4B1F90E3030007EF99 /* MovieDetailCell.swift */ = {isa = PBXFileReference; lastKnownFileType = sourcecode.swift; path = MovieDetailCell.swift; sourceTree = "<group>"; };
		7E8A49101F90E207009A42A3 /* MovieDetailViewController.swift */ = {isa = PBXFileReference; lastKnownFileType = sourcecode.swift; path = MovieDetailViewController.swift; sourceTree = "<group>"; };
		7ECD606B1F91F94F00F53368 /* MoviesResult.swift */ = {isa = PBXFileReference; lastKnownFileType = sourcecode.swift; path = MoviesResult.swift; sourceTree = "<group>"; };
		9A02D0AE7C507F00DA0264FB /* Pods-Films.debug.xcconfig */ = {isa = PBXFileReference; includeInIndex = 1; lastKnownFileType = text.xcconfig; name = "Pods-Films.debug.xcconfig"; path = "Pods/Target Support Files/Pods-Films/Pods-Films.debug.xcconfig"; sourceTree = "<group>"; };
/* End PBXFileReference section */

/* Begin PBXFrameworksBuildPhase section */
		7E6080F11F8FCF9000395D83 /* Frameworks */ = {
			isa = PBXFrameworksBuildPhase;
			buildActionMask = 2147483647;
			files = (
				BF02AB0A9744D4306C6345A8 /* Pods_Films.framework in Frameworks */,
			);
			runOnlyForDeploymentPostprocessing = 0;
		};
/* End PBXFrameworksBuildPhase section */

/* Begin PBXGroup section */
		7E37F0681FA9D1E70019957A /* Model */ = {
			isa = PBXGroup;
			children = (
				7ECD606B1F91F94F00F53368 /* MoviesResult.swift */,
				7E60810B1F90A9E200395D83 /* Movie.swift */,
			);
			path = Model;
			sourceTree = "<group>";
		};
		7E37F06A1FA9D1FA0019957A /* ViewControllers */ = {
			isa = PBXGroup;
			children = (
				7E2DC5B01FAA2F4D007756CD /* TabsViewController.swift */,
				7E37F0711FA9D2650019957A /* LoginViewController.swift */,
				7E6080F91F8FCF9000395D83 /* MoviesViewController.swift */,
				7E60810D1F90B22500395D83 /* MovieCell.swift */,
				7E2DC5B21FAA3214007756CD /* MovieCell.xib */,
				7E8A49101F90E207009A42A3 /* MovieDetailViewController.swift */,
				7E789F4B1F90E3030007EF99 /* MovieDetailCell.swift */,
				7E2DC5B41FAA331D007756CD /* PopularMoviesViewController.swift */,
				7E37F0731FA9D6400019957A /* WatchListViewController.swift */,
			);
			path = ViewControllers;
			sourceTree = "<group>";
		};
		7E6080EB1F8FCF9000395D83 = {
			isa = PBXGroup;
			children = (
				7E6080F61F8FCF9000395D83 /* Films */,
				7E6080F51F8FCF9000395D83 /* Products */,
				B239FCBF5C89F4BBDE4D3A51 /* Pods */,
				EE497489F88A0E12776A9994 /* Frameworks */,
			);
			sourceTree = "<group>";
		};
		7E6080F51F8FCF9000395D83 /* Products */ = {
			isa = PBXGroup;
			children = (
				7E6080F41F8FCF9000395D83 /* Films.app */,
			);
			name = Products;
			sourceTree = "<group>";
		};
		7E6080F61F8FCF9000395D83 /* Films */ = {
			isa = PBXGroup;
			children = (
				7E76CDA31FAB72D000A21C2E /* Services */,
				7E37F06A1FA9D1FA0019957A /* ViewControllers */,
				7E37F0681FA9D1E70019957A /* Model */,
				7E6080F71F8FCF9000395D83 /* AppDelegate.swift */,
				7E6080FB1F8FCF9000395D83 /* Main.storyboard */,
				7E6080FE1F8FCF9000395D83 /* Assets.xcassets */,
				7E6081001F8FCF9000395D83 /* LaunchScreen.storyboard */,
				7E6081031F8FCF9000395D83 /* Info.plist */,
			);
			path = Films;
			sourceTree = "<group>";
		};
		7E76CDA31FAB72D000A21C2E /* Services */ = {
			isa = PBXGroup;
			children = (
				7E76CDA41FAB72D000A21C2E /* APIRequestManager.swift */,
				7E76CDA51FAB72D000A21C2E /* UserAccount.swift */,
			);
			path = Services;
			sourceTree = "<group>";
		};
		B239FCBF5C89F4BBDE4D3A51 /* Pods */ = {
			isa = PBXGroup;
			children = (
				9A02D0AE7C507F00DA0264FB /* Pods-Films.debug.xcconfig */,
				6C04DEA0D44246100E223E8C /* Pods-Films.release.xcconfig */,
			);
			name = Pods;
			sourceTree = "<group>";
		};
		EE497489F88A0E12776A9994 /* Frameworks */ = {
			isa = PBXGroup;
			children = (
				15C8D4E2CBE062E282E66B19 /* Pods_Films.framework */,
			);
			name = Frameworks;
			sourceTree = "<group>";
		};
/* End PBXGroup section */

/* Begin PBXNativeTarget section */
		7E6080F31F8FCF9000395D83 /* Films */ = {
			isa = PBXNativeTarget;
			buildConfigurationList = 7E6081061F8FCF9000395D83 /* Build configuration list for PBXNativeTarget "Films" */;
			buildPhases = (
				F4E97398746FF7C2D8EAEE49 /* [CP] Check Pods Manifest.lock */,
				7E6080F01F8FCF9000395D83 /* Sources */,
				7E6080F11F8FCF9000395D83 /* Frameworks */,
				7E6080F21F8FCF9000395D83 /* Resources */,
				240B593A5A8FB77C324DCAE4 /* [CP] Embed Pods Frameworks */,
				E099281F39E9A27061406954 /* [CP] Copy Pods Resources */,
			);
			buildRules = (
			);
			dependencies = (
			);
			name = Films;
			productName = Films;
			productReference = 7E6080F41F8FCF9000395D83 /* Films.app */;
			productType = "com.apple.product-type.application";
		};
/* End PBXNativeTarget section */

/* Begin PBXProject section */
		7E6080EC1F8FCF9000395D83 /* Project object */ = {
			isa = PBXProject;
			attributes = {
				LastSwiftUpdateCheck = 0900;
				LastUpgradeCheck = 0900;
				ORGANIZATIONNAME = "Claire Reynaud EIRL";
				TargetAttributes = {
					7E6080F31F8FCF9000395D83 = {
						CreatedOnToolsVersion = 9.0;
						ProvisioningStyle = Automatic;
					};
				};
			};
			buildConfigurationList = 7E6080EF1F8FCF9000395D83 /* Build configuration list for PBXProject "Films" */;
			compatibilityVersion = "Xcode 8.0";
			developmentRegion = en;
			hasScannedForEncodings = 0;
			knownRegions = (
				en,
				Base,
			);
			mainGroup = 7E6080EB1F8FCF9000395D83;
			productRefGroup = 7E6080F51F8FCF9000395D83 /* Products */;
			projectDirPath = "";
			projectRoot = "";
			targets = (
				7E6080F31F8FCF9000395D83 /* Films */,
			);
		};
/* End PBXProject section */

/* Begin PBXResourcesBuildPhase section */
		7E6080F21F8FCF9000395D83 /* Resources */ = {
			isa = PBXResourcesBuildPhase;
			buildActionMask = 2147483647;
			files = (
				7E6081021F8FCF9000395D83 /* LaunchScreen.storyboard in Resources */,
				7E6080FF1F8FCF9000395D83 /* Assets.xcassets in Resources */,
				7E2DC5B31FAA3214007756CD /* MovieCell.xib in Resources */,
				7E6080FD1F8FCF9000395D83 /* Main.storyboard in Resources */,
			);
			runOnlyForDeploymentPostprocessing = 0;
		};
/* End PBXResourcesBuildPhase section */

/* Begin PBXShellScriptBuildPhase section */
		240B593A5A8FB77C324DCAE4 /* [CP] Embed Pods Frameworks */ = {
			isa = PBXShellScriptBuildPhase;
			buildActionMask = 2147483647;
			files = (
			);
			inputPaths = (
				"${SRCROOT}/Pods/Target Support Files/Pods-Films/Pods-Films-frameworks.sh",
				"${BUILT_PRODUCTS_DIR}/Alamofire/Alamofire.framework",
				"${BUILT_PRODUCTS_DIR}/AlamofireImage/AlamofireImage.framework",
				"${BUILT_PRODUCTS_DIR}/KeychainSwift/KeychainSwift.framework",
				"${BUILT_PRODUCTS_DIR}/MBProgressHUD/MBProgressHUD.framework",
			);
			name = "[CP] Embed Pods Frameworks";
			outputPaths = (
				"${TARGET_BUILD_DIR}/${FRAMEWORKS_FOLDER_PATH}/Alamofire.framework",
				"${TARGET_BUILD_DIR}/${FRAMEWORKS_FOLDER_PATH}/AlamofireImage.framework",
				"${TARGET_BUILD_DIR}/${FRAMEWORKS_FOLDER_PATH}/KeychainSwift.framework",
				"${TARGET_BUILD_DIR}/${FRAMEWORKS_FOLDER_PATH}/MBProgressHUD.framework",
			);
			runOnlyForDeploymentPostprocessing = 0;
			shellPath = /bin/sh;
			shellScript = "\"${SRCROOT}/Pods/Target Support Files/Pods-Films/Pods-Films-frameworks.sh\"\n";
			showEnvVarsInLog = 0;
		};
		E099281F39E9A27061406954 /* [CP] Copy Pods Resources */ = {
			isa = PBXShellScriptBuildPhase;
			buildActionMask = 2147483647;
			files = (
			);
			inputPaths = (
			);
			name = "[CP] Copy Pods Resources";
			outputPaths = (
			);
			runOnlyForDeploymentPostprocessing = 0;
			shellPath = /bin/sh;
			shellScript = "\"${SRCROOT}/Pods/Target Support Files/Pods-Films/Pods-Films-resources.sh\"\n";
			showEnvVarsInLog = 0;
		};
		F4E97398746FF7C2D8EAEE49 /* [CP] Check Pods Manifest.lock */ = {
			isa = PBXShellScriptBuildPhase;
			buildActionMask = 2147483647;
			files = (
			);
			inputPaths = (
				"${PODS_PODFILE_DIR_PATH}/Podfile.lock",
				"${PODS_ROOT}/Manifest.lock",
			);
			name = "[CP] Check Pods Manifest.lock";
			outputPaths = (
				"$(DERIVED_FILE_DIR)/Pods-Films-checkManifestLockResult.txt",
			);
			runOnlyForDeploymentPostprocessing = 0;
			shellPath = /bin/sh;
			shellScript = "diff \"${PODS_PODFILE_DIR_PATH}/Podfile.lock\" \"${PODS_ROOT}/Manifest.lock\" > /dev/null\nif [ $? != 0 ] ; then\n    # print error to STDERR\n    echo \"error: The sandbox is not in sync with the Podfile.lock. Run 'pod install' or update your CocoaPods installation.\" >&2\n    exit 1\nfi\n# This output is used by Xcode 'outputs' to avoid re-running this script phase.\necho \"SUCCESS\" > \"${SCRIPT_OUTPUT_FILE_0}\"\n";
			showEnvVarsInLog = 0;
		};
/* End PBXShellScriptBuildPhase section */

/* Begin PBXSourcesBuildPhase section */
		7E6080F01F8FCF9000395D83 /* Sources */ = {
			isa = PBXSourcesBuildPhase;
			buildActionMask = 2147483647;
			files = (
				7E76CDA61FAB72D000A21C2E /* APIRequestManager.swift in Sources */,
				7E6080FA1F8FCF9000395D83 /* MoviesViewController.swift in Sources */,
				7E8A49111F90E207009A42A3 /* MovieDetailViewController.swift in Sources */,
				7E6080F81F8FCF9000395D83 /* AppDelegate.swift in Sources */,
				7E37F0741FA9D6400019957A /* WatchListViewController.swift in Sources */,
				7E76CDA71FAB72D000A21C2E /* UserAccount.swift in Sources */,
				7E60810E1F90B22500395D83 /* MovieCell.swift in Sources */,
				7E60810C1F90A9E200395D83 /* Movie.swift in Sources */,
				7E2DC5B11FAA2F4D007756CD /* TabsViewController.swift in Sources */,
				7E789F4C1F90E3030007EF99 /* MovieDetailCell.swift in Sources */,
				7ECD606C1F91F94F00F53368 /* MoviesResult.swift in Sources */,
				7E37F0721FA9D2650019957A /* LoginViewController.swift in Sources */,
				7E2DC5B51FAA331D007756CD /* PopularMoviesViewController.swift in Sources */,
			);
			runOnlyForDeploymentPostprocessing = 0;
		};
/* End PBXSourcesBuildPhase section */

/* Begin PBXVariantGroup section */
		7E6080FB1F8FCF9000395D83 /* Main.storyboard */ = {
			isa = PBXVariantGroup;
			children = (
				7E6080FC1F8FCF9000395D83 /* Base */,
			);
			name = Main.storyboard;
			sourceTree = "<group>";
		};
		7E6081001F8FCF9000395D83 /* LaunchScreen.storyboard */ = {
			isa = PBXVariantGroup;
			children = (
				7E6081011F8FCF9000395D83 /* Base */,
			);
			name = LaunchScreen.storyboard;
			sourceTree = "<group>";
		};
/* End PBXVariantGroup section */

/* Begin XCBuildConfiguration section */
		7E6081041F8FCF9000395D83 /* Debug */ = {
			isa = XCBuildConfiguration;
			buildSettings = {
				ALWAYS_SEARCH_USER_PATHS = NO;
				CLANG_ANALYZER_NONNULL = YES;
				CLANG_ANALYZER_NUMBER_OBJECT_CONVERSION = YES_AGGRESSIVE;
				CLANG_CXX_LANGUAGE_STANDARD = "gnu++14";
				CLANG_CXX_LIBRARY = "libc++";
				CLANG_ENABLE_MODULES = YES;
				CLANG_ENABLE_OBJC_ARC = YES;
				CLANG_WARN_BLOCK_CAPTURE_AUTORELEASING = YES;
				CLANG_WARN_BOOL_CONVERSION = YES;
				CLANG_WARN_COMMA = YES;
				CLANG_WARN_CONSTANT_CONVERSION = YES;
				CLANG_WARN_DIRECT_OBJC_ISA_USAGE = YES_ERROR;
				CLANG_WARN_DOCUMENTATION_COMMENTS = YES;
				CLANG_WARN_EMPTY_BODY = YES;
				CLANG_WARN_ENUM_CONVERSION = YES;
				CLANG_WARN_INFINITE_RECURSION = YES;
				CLANG_WARN_INT_CONVERSION = YES;
				CLANG_WARN_NON_LITERAL_NULL_CONVERSION = YES;
				CLANG_WARN_OBJC_LITERAL_CONVERSION = YES;
				CLANG_WARN_OBJC_ROOT_CLASS = YES_ERROR;
				CLANG_WARN_RANGE_LOOP_ANALYSIS = YES;
				CLANG_WARN_STRICT_PROTOTYPES = YES;
				CLANG_WARN_SUSPICIOUS_MOVE = YES;
				CLANG_WARN_UNGUARDED_AVAILABILITY = YES_AGGRESSIVE;
				CLANG_WARN_UNREACHABLE_CODE = YES;
				CLANG_WARN__DUPLICATE_METHOD_MATCH = YES;
				CODE_SIGN_IDENTITY = "iPhone Developer";
				COPY_PHASE_STRIP = NO;
				DEBUG_INFORMATION_FORMAT = dwarf;
				ENABLE_STRICT_OBJC_MSGSEND = YES;
				ENABLE_TESTABILITY = YES;
				GCC_C_LANGUAGE_STANDARD = gnu11;
				GCC_DYNAMIC_NO_PIC = NO;
				GCC_NO_COMMON_BLOCKS = YES;
				GCC_OPTIMIZATION_LEVEL = 0;
				GCC_PREPROCESSOR_DEFINITIONS = (
					"DEBUG=1",
					"$(inherited)",
				);
				GCC_WARN_64_TO_32_BIT_CONVERSION = YES;
				GCC_WARN_ABOUT_RETURN_TYPE = YES_ERROR;
				GCC_WARN_UNDECLARED_SELECTOR = YES;
				GCC_WARN_UNINITIALIZED_AUTOS = YES_AGGRESSIVE;
				GCC_WARN_UNUSED_FUNCTION = YES;
				GCC_WARN_UNUSED_VARIABLE = YES;
				IPHONEOS_DEPLOYMENT_TARGET = 11.0;
				MTL_ENABLE_DEBUG_INFO = YES;
				ONLY_ACTIVE_ARCH = YES;
				SDKROOT = iphoneos;
				SWIFT_ACTIVE_COMPILATION_CONDITIONS = DEBUG;
				SWIFT_OPTIMIZATION_LEVEL = "-Onone";
			};
			name = Debug;
		};
		7E6081051F8FCF9000395D83 /* Release */ = {
			isa = XCBuildConfiguration;
			buildSettings = {
				ALWAYS_SEARCH_USER_PATHS = NO;
				CLANG_ANALYZER_NONNULL = YES;
				CLANG_ANALYZER_NUMBER_OBJECT_CONVERSION = YES_AGGRESSIVE;
				CLANG_CXX_LANGUAGE_STANDARD = "gnu++14";
				CLANG_CXX_LIBRARY = "libc++";
				CLANG_ENABLE_MODULES = YES;
				CLANG_ENABLE_OBJC_ARC = YES;
				CLANG_WARN_BLOCK_CAPTURE_AUTORELEASING = YES;
				CLANG_WARN_BOOL_CONVERSION = YES;
				CLANG_WARN_COMMA = YES;
				CLANG_WARN_CONSTANT_CONVERSION = YES;
				CLANG_WARN_DIRECT_OBJC_ISA_USAGE = YES_ERROR;
				CLANG_WARN_DOCUMENTATION_COMMENTS = YES;
				CLANG_WARN_EMPTY_BODY = YES;
				CLANG_WARN_ENUM_CONVERSION = YES;
				CLANG_WARN_INFINITE_RECURSION = YES;
				CLANG_WARN_INT_CONVERSION = YES;
				CLANG_WARN_NON_LITERAL_NULL_CONVERSION = YES;
				CLANG_WARN_OBJC_LITERAL_CONVERSION = YES;
				CLANG_WARN_OBJC_ROOT_CLASS = YES_ERROR;
				CLANG_WARN_RANGE_LOOP_ANALYSIS = YES;
				CLANG_WARN_STRICT_PROTOTYPES = YES;
				CLANG_WARN_SUSPICIOUS_MOVE = YES;
				CLANG_WARN_UNGUARDED_AVAILABILITY = YES_AGGRESSIVE;
				CLANG_WARN_UNREACHABLE_CODE = YES;
				CLANG_WARN__DUPLICATE_METHOD_MATCH = YES;
				CODE_SIGN_IDENTITY = "iPhone Developer";
				COPY_PHASE_STRIP = NO;
				DEBUG_INFORMATION_FORMAT = "dwarf-with-dsym";
				ENABLE_NS_ASSERTIONS = NO;
				ENABLE_STRICT_OBJC_MSGSEND = YES;
				GCC_C_LANGUAGE_STANDARD = gnu11;
				GCC_NO_COMMON_BLOCKS = YES;
				GCC_WARN_64_TO_32_BIT_CONVERSION = YES;
				GCC_WARN_ABOUT_RETURN_TYPE = YES_ERROR;
				GCC_WARN_UNDECLARED_SELECTOR = YES;
				GCC_WARN_UNINITIALIZED_AUTOS = YES_AGGRESSIVE;
				GCC_WARN_UNUSED_FUNCTION = YES;
				GCC_WARN_UNUSED_VARIABLE = YES;
				IPHONEOS_DEPLOYMENT_TARGET = 11.0;
				MTL_ENABLE_DEBUG_INFO = NO;
				SDKROOT = iphoneos;
				SWIFT_OPTIMIZATION_LEVEL = "-Owholemodule";
				VALIDATE_PRODUCT = YES;
			};
			name = Release;
		};
		7E6081071F8FCF9000395D83 /* Debug */ = {
			isa = XCBuildConfiguration;
			baseConfigurationReference = 9A02D0AE7C507F00DA0264FB /* Pods-Films.debug.xcconfig */;
			buildSettings = {
				ASSETCATALOG_COMPILER_APPICON_NAME = AppIcon;
				CODE_SIGN_STYLE = Automatic;
				DEVELOPMENT_TEAM = T2RNFC4ANQ;
				INFOPLIST_FILE = Films/Info.plist;
				LD_RUNPATH_SEARCH_PATHS = "$(inherited) @executable_path/Frameworks";
				PRODUCT_BUNDLE_IDENTIFIER = net.clairereynaud.Films;
				PRODUCT_NAME = "$(TARGET_NAME)";
				SWIFT_VERSION = 4.0;
				TARGETED_DEVICE_FAMILY = "1,2";
			};
			name = Debug;
		};
		7E6081081F8FCF9000395D83 /* Release */ = {
			isa = XCBuildConfiguration;
			baseConfigurationReference = 6C04DEA0D44246100E223E8C /* Pods-Films.release.xcconfig */;
			buildSettings = {
				ASSETCATALOG_COMPILER_APPICON_NAME = AppIcon;
				CODE_SIGN_STYLE = Automatic;
				DEVELOPMENT_TEAM = T2RNFC4ANQ;
				INFOPLIST_FILE = Films/Info.plist;
				LD_RUNPATH_SEARCH_PATHS = "$(inherited) @executable_path/Frameworks";
				PRODUCT_BUNDLE_IDENTIFIER = net.clairereynaud.Films;
				PRODUCT_NAME = "$(TARGET_NAME)";
				SWIFT_VERSION = 4.0;
				TARGETED_DEVICE_FAMILY = "1,2";
			};
			name = Release;
		};
/* End XCBuildConfiguration section */

/* Begin XCConfigurationList section */
		7E6080EF1F8FCF9000395D83 /* Build configuration list for PBXProject "Films" */ = {
			isa = XCConfigurationList;
			buildConfigurations = (
				7E6081041F8FCF9000395D83 /* Debug */,
				7E6081051F8FCF9000395D83 /* Release */,
			);
			defaultConfigurationIsVisible = 0;
			defaultConfigurationName = Release;
		};
		7E6081061F8FCF9000395D83 /* Build configuration list for PBXNativeTarget "Films" */ = {
			isa = XCConfigurationList;
			buildConfigurations = (
				7E6081071F8FCF9000395D83 /* Debug */,
				7E6081081F8FCF9000395D83 /* Release */,
			);
			defaultConfigurationIsVisible = 0;
			defaultConfigurationName = Release;
		};
/* End XCConfigurationList section */
	};
	rootObject = 7E6080EC1F8FCF9000395D83 /* Project object */;
}
